
Microsoft Visual Studio Solution File, Format Version 12.00
# Visual Studio Version 17
VisualStudioVersion = 17.7.34221.43
MinimumVisualStudioVersion = 10.0.40219.1
Project("{2150E333-8FDC-42A3-9474-1A3956D46DE8}") = "test", "test", "{0C5B6A6C-8F59-4080-AAD6-9FA8B0EBD938}"
EndProject
Project("{2150E333-8FDC-42A3-9474-1A3956D46DE8}") = "src", "src", "{5ACD633C-73D5-4907-B151-ACD16461E452}"
EndProject
Project("{9A19103F-16F7-4668-BE54-9A1E7A4F7556}") = "LAUCHA.domain", "LAUCHA.domain\LAUCHA.domain.csproj", "{07FA4E17-DE4E-4F46-934B-ED48F4F418F3}"
EndProject
Project("{9A19103F-16F7-4668-BE54-9A1E7A4F7556}") = "LAUCHA.infrastructure", "LAUCHA.infrastructure\LAUCHA.infrastructure.csproj", "{44B7B682-C96D-4240-B798-55EA36B5AAA6}"
EndProject
Project("{9A19103F-16F7-4668-BE54-9A1E7A4F7556}") = "LAUCHA.application", "LAUCHA.application\LAUCHA.application.csproj", "{BC8544D6-AAE7-453E-A470-84928D1EF4E9}"
EndProject
Project("{9A19103F-16F7-4668-BE54-9A1E7A4F7556}") = "LAUCHA.api", "LAUCHA.api\LAUCHA.api.csproj", "{1839AF55-AAF8-4045-A24F-8F1103473F1C}"
EndProject
Global
	GlobalSection(SolutionConfigurationPlatforms) = preSolution
		Debug|Any CPU = Debug|Any CPU
		Debug|x64 = Debug|x64
		Debug|x86 = Debug|x86
		Release|Any CPU = Release|Any CPU
		Release|x64 = Release|x64
		Release|x86 = Release|x86
	EndGlobalSection
	GlobalSection(ProjectConfigurationPlatforms) = postSolution
		{07FA4E17-DE4E-4F46-934B-ED48F4F418F3}.Debug|Any CPU.ActiveCfg = Debug|Any CPU
		{07FA4E17-DE4E-4F46-934B-ED48F4F418F3}.Debug|Any CPU.Build.0 = Debug|Any CPU
		{07FA4E17-DE4E-4F46-934B-ED48F4F418F3}.Debug|x64.ActiveCfg = Debug|Any CPU
		{07FA4E17-DE4E-4F46-934B-ED48F4F418F3}.Debug|x64.Build.0 = Debug|Any CPU
		{07FA4E17-DE4E-4F46-934B-ED48F4F418F3}.Debug|x86.ActiveCfg = Debug|Any CPU
		{07FA4E17-DE4E-4F46-934B-ED48F4F418F3}.Debug|x86.Build.0 = Debug|Any CPU
		{07FA4E17-DE4E-4F46-934B-ED48F4F418F3}.Release|Any CPU.ActiveCfg = Release|Any CPU
		{07FA4E17-DE4E-4F46-934B-ED48F4F418F3}.Release|Any CPU.Build.0 = Release|Any CPU
		{07FA4E17-DE4E-4F46-934B-ED48F4F418F3}.Release|x64.ActiveCfg = Release|Any CPU
		{07FA4E17-DE4E-4F46-934B-ED48F4F418F3}.Release|x64.Build.0 = Release|Any CPU
		{07FA4E17-DE4E-4F46-934B-ED48F4F418F3}.Release|x86.ActiveCfg = Release|Any CPU
		{07FA4E17-DE4E-4F46-934B-ED48F4F418F3}.Release|x86.Build.0 = Release|Any CPU
		{44B7B682-C96D-4240-B798-55EA36B5AAA6}.Debug|Any CPU.ActiveCfg = Debug|Any CPU
		{44B7B682-C96D-4240-B798-55EA36B5AAA6}.Debug|Any CPU.Build.0 = Debug|Any CPU
		{44B7B682-C96D-4240-B798-55EA36B5AAA6}.Debug|x64.ActiveCfg = Debug|Any CPU
		{44B7B682-C96D-4240-B798-55EA36B5AAA6}.Debug|x64.Build.0 = Debug|Any CPU
		{44B7B682-C96D-4240-B798-55EA36B5AAA6}.Debug|x86.ActiveCfg = Debug|Any CPU
		{44B7B682-C96D-4240-B798-55EA36B5AAA6}.Debug|x86.Build.0 = Debug|Any CPU
		{44B7B682-C96D-4240-B798-55EA36B5AAA6}.Release|Any CPU.ActiveCfg = Release|Any CPU
		{44B7B682-C96D-4240-B798-55EA36B5AAA6}.Release|Any CPU.Build.0 = Release|Any CPU
		{44B7B682-C96D-4240-B798-55EA36B5AAA6}.Release|x64.ActiveCfg = Release|Any CPU
		{44B7B682-C96D-4240-B798-55EA36B5AAA6}.Release|x64.Build.0 = Release|Any CPU
		{44B7B682-C96D-4240-B798-55EA36B5AAA6}.Release|x86.ActiveCfg = Release|x86
		{44B7B682-C96D-4240-B798-55EA36B5AAA6}.Release|x86.Build.0 = Release|x86
		{BC8544D6-AAE7-453E-A470-84928D1EF4E9}.Debug|Any CPU.ActiveCfg = Debug|Any CPU
		{BC8544D6-AAE7-453E-A470-84928D1EF4E9}.Debug|Any CPU.Build.0 = Debug|Any CPU
		{BC8544D6-AAE7-453E-A470-84928D1EF4E9}.Debug|x64.ActiveCfg = Debug|Any CPU
		{BC8544D6-AAE7-453E-A470-84928D1EF4E9}.Debug|x64.Build.0 = Debug|Any CPU
		{BC8544D6-AAE7-453E-A470-84928D1EF4E9}.Debug|x86.ActiveCfg = Debug|Any CPU
		{BC8544D6-AAE7-453E-A470-84928D1EF4E9}.Debug|x86.Build.0 = Debug|Any CPU
		{BC8544D6-AAE7-453E-A470-84928D1EF4E9}.Release|Any CPU.ActiveCfg = Release|Any CPU
		{BC8544D6-AAE7-453E-A470-84928D1EF4E9}.Release|Any CPU.Build.0 = Release|Any CPU
		{BC8544D6-AAE7-453E-A470-84928D1EF4E9}.Release|x64.ActiveCfg = Release|Any CPU
		{BC8544D6-AAE7-453E-A470-84928D1EF4E9}.Release|x64.Build.0 = Release|Any CPU
		{BC8544D6-AAE7-453E-A470-84928D1EF4E9}.Release|x86.ActiveCfg = Release|Any CPU
		{BC8544D6-AAE7-453E-A470-84928D1EF4E9}.Release|x86.Build.0 = Release|Any CPU
		{1839AF55-AAF8-4045-A24F-8F1103473F1C}.Debug|Any CPU.ActiveCfg = Debug|Any CPU
		{1839AF55-AAF8-4045-A24F-8F1103473F1C}.Debug|Any CPU.Build.0 = Debug|Any CPU
		{1839AF55-AAF8-4045-A24F-8F1103473F1C}.Debug|x64.ActiveCfg = Debug|Any CPU
		{1839AF55-AAF8-4045-A24F-8F1103473F1C}.Debug|x64.Build.0 = Debug|Any CPU
		{1839AF55-AAF8-4045-A24F-8F1103473F1C}.Debug|x86.ActiveCfg = Debug|Any CPU
		{1839AF55-AAF8-4045-A24F-8F1103473F1C}.Debug|x86.Build.0 = Debug|Any CPU
		{1839AF55-AAF8-4045-A24F-8F1103473F1C}.Release|Any CPU.ActiveCfg = Release|Any CPU
		{1839AF55-AAF8-4045-A24F-8F1103473F1C}.Release|Any CPU.Build.0 = Release|Any CPU
		{1839AF55-AAF8-4045-A24F-8F1103473F1C}.Release|x64.ActiveCfg = Release|x64
		{1839AF55-AAF8-4045-A24F-8F1103473F1C}.Release|x64.Build.0 = Release|x64
		{1839AF55-AAF8-4045-A24F-8F1103473F1C}.Release|x86.ActiveCfg = Release|Any CPU
		{1839AF55-AAF8-4045-A24F-8F1103473F1C}.Release|x86.Build.0 = Release|Any CPU
	EndGlobalSection
	GlobalSection(SolutionProperties) = preSolution
		HideSolutionNode = FALSE
	EndGlobalSection
	GlobalSection(NestedProjects) = preSolution
		{07FA4E17-DE4E-4F46-934B-ED48F4F418F3} = {5ACD633C-73D5-4907-B151-ACD16461E452}
		{44B7B682-C96D-4240-B798-55EA36B5AAA6} = {5ACD633C-73D5-4907-B151-ACD16461E452}
		{BC8544D6-AAE7-453E-A470-84928D1EF4E9} = {5ACD633C-73D5-4907-B151-ACD16461E452}
		{1839AF55-AAF8-4045-A24F-8F1103473F1C} = {5ACD633C-73D5-4907-B151-ACD16461E452}
	EndGlobalSection
	GlobalSection(ExtensibilityGlobals) = postSolution
		SolutionGuid = {DFA2FCF4-00FE-4603-B445-2B22B2366C10}
	EndGlobalSection
EndGlobal
